
Microsoft Visual Studio Solution File, Format Version 12.00
# Visual Studio Version 16
VisualStudioVersion = 16.0.29920.165
MinimumVisualStudioVersion = 10.0.40219.1
Project("{8BC9CEB8-8B4A-11D0-8D11-00A0C91BC942}") = "Group Anagrams", "LeetCode Problems\LeetCode Problems.vcxproj", "{FD04EC1F-3063-426C-828A-C4F84F91FAB0}"
EndProject
Project("{8BC9CEB8-8B4A-11D0-8D11-00A0C91BC942}") = "Counting Elements", "Counting Elements\Counting Elements.vcxproj", "{8C458759-1B33-4007-A7AC-7C4F87D6A22A}"
EndProject
Project("{8BC9CEB8-8B4A-11D0-8D11-00A0C91BC942}") = "HappyNumber", "HappyNumber\HappyNumber.vcxproj", "{831E979C-3CA2-4D88-A9E6-147DB7FEB39C}"
EndProject
Project("{8BC9CEB8-8B4A-11D0-8D11-00A0C91BC942}") = "Maximum Subarray", "Maximum Subarray\Maximum Subarray.vcxproj", "{FCAE30C6-A204-4818-B69C-9B6E921DE309}"
EndProject
Project("{8BC9CEB8-8B4A-11D0-8D11-00A0C91BC942}") = "Move Zeroes", "Move Zeroes\Move Zeroes.vcxproj", "{B4F6831A-FB3A-447F-AC09-60E3A8A3552A}"
EndProject
Project("{8BC9CEB8-8B4A-11D0-8D11-00A0C91BC942}") = "Best Time to Buy and Sell Stock II", "Best Time to Buy and Sell Stock II\Best Time to Buy and Sell Stock II.vcxproj", "{F5148304-4EB5-4370-AB36-062069BDEBBC}"
EndProject
Project("{8BC9CEB8-8B4A-11D0-8D11-00A0C91BC942}") = "Middle of the Linked List", "Middle of the Linked List\Middle of the Linked List.vcxproj", "{3C5656FC-3AAE-42F7-9E82-B23C8AF880FB}"
EndProject
Project("{8BC9CEB8-8B4A-11D0-8D11-00A0C91BC942}") = "Backspace string compare", "Backspace string compare\Backspace string compare.vcxproj", "{C80ADAD1-C10D-4584-B6C4-C442BBD54483}"
EndProject
Project("{8BC9CEB8-8B4A-11D0-8D11-00A0C91BC942}") = "Contiguous Array", "Contiguous Array\Contiguous Array.vcxproj", "{3CC9BC7D-16BF-4AD6-9F75-44606DA533FD}"
EndProject
Project("{8BC9CEB8-8B4A-11D0-8D11-00A0C91BC942}") = "Perform string shofts", "Perform string shofts\Perform string shofts.vcxproj", "{A192172F-5656-45BA-8C9A-C92FB66970BB}"
EndProject
Project("{8BC9CEB8-8B4A-11D0-8D11-00A0C91BC942}") = "Valid Parenthesis String", "Valid Parenthesis String\Valid Parenthesis String.vcxproj", "{B149389D-D638-47BF-9A00-4CB58FF64EE4}"
EndProject
Project("{8BC9CEB8-8B4A-11D0-8D11-00A0C91BC942}") = "MinPathSum", "MinPathSum\MinPathSum.vcxproj", "{9EF487D5-5FDD-475C-9655-6908341D60BD}"
EndProject
Project("{8BC9CEB8-8B4A-11D0-8D11-00A0C91BC942}") = "Subarray sum Equals K", "Subarray sum Equals K\Subarray sum Equals K.vcxproj", "{136B44D9-6414-4E06-906C-AC122CE8EC4C}"
EndProject
Project("{8BC9CEB8-8B4A-11D0-8D11-00A0C91BC942}") = "Bitwise AND of Numbers Range", "Bitwise AND of Numbers Range\Bitwise AND of Numbers Range.vcxproj", "{FC38ECDC-E8EF-4E28-AC2D-CA4F46BC0F9B}"
EndProject
Project("{8BC9CEB8-8B4A-11D0-8D11-00A0C91BC942}") = "Longest Common Subsequence", "Longest Common Subsequence\Longest Common Subsequence.vcxproj", "{C97C9135-9B7F-4186-BDE2-E44DF6A0B263}"
EndProject
Global
	GlobalSection(SolutionConfigurationPlatforms) = preSolution
		Debug|x64 = Debug|x64
		Debug|x86 = Debug|x86
		Release|x64 = Release|x64
		Release|x86 = Release|x86
	EndGlobalSection
	GlobalSection(ProjectConfigurationPlatforms) = postSolution
		{FD04EC1F-3063-426C-828A-C4F84F91FAB0}.Debug|x64.ActiveCfg = Debug|x64
		{FD04EC1F-3063-426C-828A-C4F84F91FAB0}.Debug|x64.Build.0 = Debug|x64
		{FD04EC1F-3063-426C-828A-C4F84F91FAB0}.Debug|x86.ActiveCfg = Debug|Win32
		{FD04EC1F-3063-426C-828A-C4F84F91FAB0}.Debug|x86.Build.0 = Debug|Win32
		{FD04EC1F-3063-426C-828A-C4F84F91FAB0}.Release|x64.ActiveCfg = Release|x64
		{FD04EC1F-3063-426C-828A-C4F84F91FAB0}.Release|x64.Build.0 = Release|x64
		{FD04EC1F-3063-426C-828A-C4F84F91FAB0}.Release|x86.ActiveCfg = Release|Win32
		{FD04EC1F-3063-426C-828A-C4F84F91FAB0}.Release|x86.Build.0 = Release|Win32
		{8C458759-1B33-4007-A7AC-7C4F87D6A22A}.Debug|x64.ActiveCfg = Debug|x64
		{8C458759-1B33-4007-A7AC-7C4F87D6A22A}.Debug|x64.Build.0 = Debug|x64
		{8C458759-1B33-4007-A7AC-7C4F87D6A22A}.Debug|x86.ActiveCfg = Debug|Win32
		{8C458759-1B33-4007-A7AC-7C4F87D6A22A}.Debug|x86.Build.0 = Debug|Win32
		{8C458759-1B33-4007-A7AC-7C4F87D6A22A}.Release|x64.ActiveCfg = Release|x64
		{8C458759-1B33-4007-A7AC-7C4F87D6A22A}.Release|x64.Build.0 = Release|x64
		{8C458759-1B33-4007-A7AC-7C4F87D6A22A}.Release|x86.ActiveCfg = Release|Win32
		{8C458759-1B33-4007-A7AC-7C4F87D6A22A}.Release|x86.Build.0 = Release|Win32
		{831E979C-3CA2-4D88-A9E6-147DB7FEB39C}.Debug|x64.ActiveCfg = Debug|x64
		{831E979C-3CA2-4D88-A9E6-147DB7FEB39C}.Debug|x64.Build.0 = Debug|x64
		{831E979C-3CA2-4D88-A9E6-147DB7FEB39C}.Debug|x86.ActiveCfg = Debug|Win32
		{831E979C-3CA2-4D88-A9E6-147DB7FEB39C}.Debug|x86.Build.0 = Debug|Win32
		{831E979C-3CA2-4D88-A9E6-147DB7FEB39C}.Release|x64.ActiveCfg = Release|x64
		{831E979C-3CA2-4D88-A9E6-147DB7FEB39C}.Release|x64.Build.0 = Release|x64
		{831E979C-3CA2-4D88-A9E6-147DB7FEB39C}.Release|x86.ActiveCfg = Release|Win32
		{831E979C-3CA2-4D88-A9E6-147DB7FEB39C}.Release|x86.Build.0 = Release|Win32
		{FCAE30C6-A204-4818-B69C-9B6E921DE309}.Debug|x64.ActiveCfg = Debug|x64
		{FCAE30C6-A204-4818-B69C-9B6E921DE309}.Debug|x64.Build.0 = Debug|x64
		{FCAE30C6-A204-4818-B69C-9B6E921DE309}.Debug|x86.ActiveCfg = Debug|Win32
		{FCAE30C6-A204-4818-B69C-9B6E921DE309}.Debug|x86.Build.0 = Debug|Win32
		{FCAE30C6-A204-4818-B69C-9B6E921DE309}.Release|x64.ActiveCfg = Release|x64
		{FCAE30C6-A204-4818-B69C-9B6E921DE309}.Release|x64.Build.0 = Release|x64
		{FCAE30C6-A204-4818-B69C-9B6E921DE309}.Release|x86.ActiveCfg = Release|Win32
		{FCAE30C6-A204-4818-B69C-9B6E921DE309}.Release|x86.Build.0 = Release|Win32
		{B4F6831A-FB3A-447F-AC09-60E3A8A3552A}.Debug|x64.ActiveCfg = Debug|x64
		{B4F6831A-FB3A-447F-AC09-60E3A8A3552A}.Debug|x64.Build.0 = Debug|x64
		{B4F6831A-FB3A-447F-AC09-60E3A8A3552A}.Debug|x86.ActiveCfg = Debug|Win32
		{B4F6831A-FB3A-447F-AC09-60E3A8A3552A}.Debug|x86.Build.0 = Debug|Win32
		{B4F6831A-FB3A-447F-AC09-60E3A8A3552A}.Release|x64.ActiveCfg = Release|x64
		{B4F6831A-FB3A-447F-AC09-60E3A8A3552A}.Release|x64.Build.0 = Release|x64
		{B4F6831A-FB3A-447F-AC09-60E3A8A3552A}.Release|x86.ActiveCfg = Release|Win32
		{B4F6831A-FB3A-447F-AC09-60E3A8A3552A}.Release|x86.Build.0 = Release|Win32
		{F5148304-4EB5-4370-AB36-062069BDEBBC}.Debug|x64.ActiveCfg = Debug|x64
		{F5148304-4EB5-4370-AB36-062069BDEBBC}.Debug|x64.Build.0 = Debug|x64
		{F5148304-4EB5-4370-AB36-062069BDEBBC}.Debug|x86.ActiveCfg = Debug|Win32
		{F5148304-4EB5-4370-AB36-062069BDEBBC}.Debug|x86.Build.0 = Debug|Win32
		{F5148304-4EB5-4370-AB36-062069BDEBBC}.Release|x64.ActiveCfg = Release|x64
		{F5148304-4EB5-4370-AB36-062069BDEBBC}.Release|x64.Build.0 = Release|x64
		{F5148304-4EB5-4370-AB36-062069BDEBBC}.Release|x86.ActiveCfg = Release|Win32
		{F5148304-4EB5-4370-AB36-062069BDEBBC}.Release|x86.Build.0 = Release|Win32
		{3C5656FC-3AAE-42F7-9E82-B23C8AF880FB}.Debug|x64.ActiveCfg = Debug|x64
		{3C5656FC-3AAE-42F7-9E82-B23C8AF880FB}.Debug|x64.Build.0 = Debug|x64
		{3C5656FC-3AAE-42F7-9E82-B23C8AF880FB}.Debug|x86.ActiveCfg = Debug|Win32
		{3C5656FC-3AAE-42F7-9E82-B23C8AF880FB}.Debug|x86.Build.0 = Debug|Win32
		{3C5656FC-3AAE-42F7-9E82-B23C8AF880FB}.Release|x64.ActiveCfg = Release|x64
		{3C5656FC-3AAE-42F7-9E82-B23C8AF880FB}.Release|x64.Build.0 = Release|x64
		{3C5656FC-3AAE-42F7-9E82-B23C8AF880FB}.Release|x86.ActiveCfg = Release|Win32
		{3C5656FC-3AAE-42F7-9E82-B23C8AF880FB}.Release|x86.Build.0 = Release|Win32
		{C80ADAD1-C10D-4584-B6C4-C442BBD54483}.Debug|x64.ActiveCfg = Debug|x64
		{C80ADAD1-C10D-4584-B6C4-C442BBD54483}.Debug|x64.Build.0 = Debug|x64
		{C80ADAD1-C10D-4584-B6C4-C442BBD54483}.Debug|x86.ActiveCfg = Debug|Win32
		{C80ADAD1-C10D-4584-B6C4-C442BBD54483}.Debug|x86.Build.0 = Debug|Win32
		{C80ADAD1-C10D-4584-B6C4-C442BBD54483}.Release|x64.ActiveCfg = Release|x64
		{C80ADAD1-C10D-4584-B6C4-C442BBD54483}.Release|x64.Build.0 = Release|x64
		{C80ADAD1-C10D-4584-B6C4-C442BBD54483}.Release|x86.ActiveCfg = Release|Win32
		{C80ADAD1-C10D-4584-B6C4-C442BBD54483}.Release|x86.Build.0 = Release|Win32
		{3CC9BC7D-16BF-4AD6-9F75-44606DA533FD}.Debug|x64.ActiveCfg = Debug|x64
		{3CC9BC7D-16BF-4AD6-9F75-44606DA533FD}.Debug|x64.Build.0 = Debug|x64
		{3CC9BC7D-16BF-4AD6-9F75-44606DA533FD}.Debug|x86.ActiveCfg = Debug|Win32
		{3CC9BC7D-16BF-4AD6-9F75-44606DA533FD}.Debug|x86.Build.0 = Debug|Win32
		{3CC9BC7D-16BF-4AD6-9F75-44606DA533FD}.Release|x64.ActiveCfg = Release|x64
		{3CC9BC7D-16BF-4AD6-9F75-44606DA533FD}.Release|x64.Build.0 = Release|x64
		{3CC9BC7D-16BF-4AD6-9F75-44606DA533FD}.Release|x86.ActiveCfg = Release|Win32
		{3CC9BC7D-16BF-4AD6-9F75-44606DA533FD}.Release|x86.Build.0 = Release|Win32
		{A192172F-5656-45BA-8C9A-C92FB66970BB}.Debug|x64.ActiveCfg = Debug|x64
		{A192172F-5656-45BA-8C9A-C92FB66970BB}.Debug|x64.Build.0 = Debug|x64
		{A192172F-5656-45BA-8C9A-C92FB66970BB}.Debug|x86.ActiveCfg = Debug|Win32
		{A192172F-5656-45BA-8C9A-C92FB66970BB}.Debug|x86.Build.0 = Debug|Win32
		{A192172F-5656-45BA-8C9A-C92FB66970BB}.Release|x64.ActiveCfg = Release|x64
		{A192172F-5656-45BA-8C9A-C92FB66970BB}.Release|x64.Build.0 = Release|x64
		{A192172F-5656-45BA-8C9A-C92FB66970BB}.Release|x86.ActiveCfg = Release|Win32
		{A192172F-5656-45BA-8C9A-C92FB66970BB}.Release|x86.Build.0 = Release|Win32
		{B149389D-D638-47BF-9A00-4CB58FF64EE4}.Debug|x64.ActiveCfg = Debug|x64
		{B149389D-D638-47BF-9A00-4CB58FF64EE4}.Debug|x64.Build.0 = Debug|x64
		{B149389D-D638-47BF-9A00-4CB58FF64EE4}.Debug|x86.ActiveCfg = Debug|Win32
		{B149389D-D638-47BF-9A00-4CB58FF64EE4}.Debug|x86.Build.0 = Debug|Win32
		{B149389D-D638-47BF-9A00-4CB58FF64EE4}.Release|x64.ActiveCfg = Release|x64
		{B149389D-D638-47BF-9A00-4CB58FF64EE4}.Release|x64.Build.0 = Release|x64
		{B149389D-D638-47BF-9A00-4CB58FF64EE4}.Release|x86.ActiveCfg = Release|Win32
		{B149389D-D638-47BF-9A00-4CB58FF64EE4}.Release|x86.Build.0 = Release|Win32
		{9EF487D5-5FDD-475C-9655-6908341D60BD}.Debug|x64.ActiveCfg = Debug|x64
		{9EF487D5-5FDD-475C-9655-6908341D60BD}.Debug|x64.Build.0 = Debug|x64
		{9EF487D5-5FDD-475C-9655-6908341D60BD}.Debug|x86.ActiveCfg = Debug|Win32
		{9EF487D5-5FDD-475C-9655-6908341D60BD}.Debug|x86.Build.0 = Debug|Win32
		{9EF487D5-5FDD-475C-9655-6908341D60BD}.Release|x64.ActiveCfg = Release|x64
		{9EF487D5-5FDD-475C-9655-6908341D60BD}.Release|x64.Build.0 = Release|x64
		{9EF487D5-5FDD-475C-9655-6908341D60BD}.Release|x86.ActiveCfg = Release|Win32
		{9EF487D5-5FDD-475C-9655-6908341D60BD}.Release|x86.Build.0 = Release|Win32
		{136B44D9-6414-4E06-906C-AC122CE8EC4C}.Debug|x64.ActiveCfg = Debug|x64
		{136B44D9-6414-4E06-906C-AC122CE8EC4C}.Debug|x64.Build.0 = Debug|x64
		{136B44D9-6414-4E06-906C-AC122CE8EC4C}.Debug|x86.ActiveCfg = Debug|Win32
		{136B44D9-6414-4E06-906C-AC122CE8EC4C}.Debug|x86.Build.0 = Debug|Win32
		{136B44D9-6414-4E06-906C-AC122CE8EC4C}.Release|x64.ActiveCfg = Release|x64
		{136B44D9-6414-4E06-906C-AC122CE8EC4C}.Release|x64.Build.0 = Release|x64
		{136B44D9-6414-4E06-906C-AC122CE8EC4C}.Release|x86.ActiveCfg = Release|Win32
		{136B44D9-6414-4E06-906C-AC122CE8EC4C}.Release|x86.Build.0 = Release|Win32
		{FC38ECDC-E8EF-4E28-AC2D-CA4F46BC0F9B}.Debug|x64.ActiveCfg = Debug|x64
		{FC38ECDC-E8EF-4E28-AC2D-CA4F46BC0F9B}.Debug|x64.Build.0 = Debug|x64
		{FC38ECDC-E8EF-4E28-AC2D-CA4F46BC0F9B}.Debug|x86.ActiveCfg = Debug|Win32
		{FC38ECDC-E8EF-4E28-AC2D-CA4F46BC0F9B}.Debug|x86.Build.0 = Debug|Win32
		{FC38ECDC-E8EF-4E28-AC2D-CA4F46BC0F9B}.Release|x64.ActiveCfg = Release|x64
		{FC38ECDC-E8EF-4E28-AC2D-CA4F46BC0F9B}.Release|x64.Build.0 = Release|x64
		{FC38ECDC-E8EF-4E28-AC2D-CA4F46BC0F9B}.Release|x86.ActiveCfg = Release|Win32
		{FC38ECDC-E8EF-4E28-AC2D-CA4F46BC0F9B}.Release|x86.Build.0 = Release|Win32
		{C97C9135-9B7F-4186-BDE2-E44DF6A0B263}.Debug|x64.ActiveCfg = Debug|x64
		{C97C9135-9B7F-4186-BDE2-E44DF6A0B263}.Debug|x64.Build.0 = Debug|x64
		{C97C9135-9B7F-4186-BDE2-E44DF6A0B263}.Debug|x86.ActiveCfg = Debug|Win32
		{C97C9135-9B7F-4186-BDE2-E44DF6A0B263}.Debug|x86.Build.0 = Debug|Win32
		{C97C9135-9B7F-4186-BDE2-E44DF6A0B263}.Release|x64.ActiveCfg = Release|x64
		{C97C9135-9B7F-4186-BDE2-E44DF6A0B263}.Release|x64.Build.0 = Release|x64
		{C97C9135-9B7F-4186-BDE2-E44DF6A0B263}.Release|x86.ActiveCfg = Release|Win32
		{C97C9135-9B7F-4186-BDE2-E44DF6A0B263}.Release|x86.Build.0 = Release|Win32
	EndGlobalSection
	GlobalSection(SolutionProperties) = preSolution
		HideSolutionNode = FALSE
	EndGlobalSection
	GlobalSection(ExtensibilityGlobals) = postSolution
		SolutionGuid = {36B8C4AB-AFAE-4F21-BC2C-5073E2DD50B1}
	EndGlobalSection
EndGlobal
